
Microsoft Visual Studio Solution File, Format Version 12.00
# Visual Studio 15
VisualStudioVersion = 15.0.28010.0
MinimumVisualStudioVersion = 10.0.40219.1
Project("{FAE04EC0-301F-11D3-BF4B-00C04F79EFBC}") = "addressbook-web-tests", "addressbook-web-tests\addressbook-web-tests.csproj", "{72FAB61D-53E1-4E4B-A978-0D625B0791D6}"
EndProject
Global
	GlobalSection(SolutionConfigurationPlatforms) = preSolution
		Debug|Any CPU = Debug|Any CPU
		Release|Any CPU = Release|Any CPU
	EndGlobalSection
	GlobalSection(ProjectConfigurationPlatforms) = postSolution
		{72FAB61D-53E1-4E4B-A978-0D625B0791D6}.Debug|Any CPU.ActiveCfg = Debug|Any CPU
		{72FAB61D-53E1-4E4B-A978-0D625B0791D6}.Debug|Any CPU.Build.0 = Debug|Any CPU
		{72FAB61D-53E1-4E4B-A978-0D625B0791D6}.Release|Any CPU.ActiveCfg = Release|Any CPU
		{72FAB61D-53E1-4E4B-A978-0D625B0791D6}.Release|Any CPU.Build.0 = Release|Any CPU
	EndGlobalSection
	GlobalSection(SolutionProperties) = preSolution
		HideSolutionNode = FALSE
	EndGlobalSection
	GlobalSection(ExtensibilityGlobals) = postSolution
		SolutionGuid = {DA639AD5-B99A-44D8-A9F4-3A31AB4B951E}
	EndGlobalSection
EndGlobal
